
Microsoft Visual Studio Solution File, Format Version 12.00
# Visual Studio Version 16
VisualStudioVersion = 16.0.30128.74
MinimumVisualStudioVersion = 15.0.26124.0
Project("{2150E333-8FDC-42A3-9474-1A3956D46DE8}") = "src", "src", "{5058F5ED-6D46-43F3-9DF6-AEAA687852E1}"
EndProject
Project("{9A19103F-16F7-4668-BE54-9A1E7A4F7556}") = "Shipyard", "src\Shipyard\Shipyard.csproj", "{28B69A41-CA97-47FF-8FCC-22E6CE4DF109}"
EndProject
Project("{9A19103F-16F7-4668-BE54-9A1E7A4F7556}") = "Shipyard.Data", "src\Shipyard.Data\Shipyard.Data.csproj", "{AB04F2E8-E19F-4036-BF7D-B86636D65CA2}"
EndProject
Project("{9A19103F-16F7-4668-BE54-9A1E7A4F7556}") = "Shipyard.Contracts", "src\Shipyard.Contracts\Shipyard.Contracts.csproj", "{1E02BAB8-0FA9-4070-A822-39C72A39E2A5}"
EndProject
Project("{9A19103F-16F7-4668-BE54-9A1E7A4F7556}") = "Shipyard.Web", "src\Shipyard.Web\Shipyard.Web.csproj", "{88B05575-3BD2-4FA9-95D1-A349DA623E1D}"
EndProject
Project("{2150E333-8FDC-42A3-9474-1A3956D46DE8}") = "Solution Items", "Solution Items", "{8BD3AF77-8F46-47A8-A92A-DD6556331A9A}"
	ProjectSection(SolutionItems) = preProject
		..\..\docker-compose.local.yml = ..\..\docker-compose.local.yml
		..\..\docker-compose.local.yml.example = ..\..\docker-compose.local.yml.example
		..\..\docker-compose.yml = ..\..\docker-compose.yml
		Taskfile.yml = Taskfile.yml
	EndProjectSection
EndProject
Project("{9A19103F-16F7-4668-BE54-9A1E7A4F7556}") = "Shipyard.Data.Migration", "src\Shipyard.Data.Migration\Shipyard.Data.Migration.csproj", "{2B6AD201-6B29-4F55-B386-5EEA929A6F2E}"
EndProject
Project("{9A19103F-16F7-4668-BE54-9A1E7A4F7556}") = "Shipyard.Worker", "src\Shipyard.Worker\Shipyard.Worker.csproj", "{96AC1F4B-8C7C-425D-B26D-E6293165E838}"
EndProject
Global
	GlobalSection(SolutionConfigurationPlatforms) = preSolution
		Debug|Any CPU = Debug|Any CPU
		Debug|x64 = Debug|x64
		Debug|x86 = Debug|x86
		Release|Any CPU = Release|Any CPU
		Release|x64 = Release|x64
		Release|x86 = Release|x86
	EndGlobalSection
	GlobalSection(ProjectConfigurationPlatforms) = postSolution
		{28B69A41-CA97-47FF-8FCC-22E6CE4DF109}.Debug|Any CPU.ActiveCfg = Debug|Any CPU
		{28B69A41-CA97-47FF-8FCC-22E6CE4DF109}.Debug|Any CPU.Build.0 = Debug|Any CPU
		{28B69A41-CA97-47FF-8FCC-22E6CE4DF109}.Debug|x64.ActiveCfg = Debug|Any CPU
		{28B69A41-CA97-47FF-8FCC-22E6CE4DF109}.Debug|x64.Build.0 = Debug|Any CPU
		{28B69A41-CA97-47FF-8FCC-22E6CE4DF109}.Debug|x86.ActiveCfg = Debug|Any CPU
		{28B69A41-CA97-47FF-8FCC-22E6CE4DF109}.Debug|x86.Build.0 = Debug|Any CPU
		{28B69A41-CA97-47FF-8FCC-22E6CE4DF109}.Release|Any CPU.ActiveCfg = Release|Any CPU
		{28B69A41-CA97-47FF-8FCC-22E6CE4DF109}.Release|Any CPU.Build.0 = Release|Any CPU
		{28B69A41-CA97-47FF-8FCC-22E6CE4DF109}.Release|x64.ActiveCfg = Release|Any CPU
		{28B69A41-CA97-47FF-8FCC-22E6CE4DF109}.Release|x64.Build.0 = Release|Any CPU
		{28B69A41-CA97-47FF-8FCC-22E6CE4DF109}.Release|x86.ActiveCfg = Release|Any CPU
		{28B69A41-CA97-47FF-8FCC-22E6CE4DF109}.Release|x86.Build.0 = Release|Any CPU
		{AB04F2E8-E19F-4036-BF7D-B86636D65CA2}.Debug|Any CPU.ActiveCfg = Debug|Any CPU
		{AB04F2E8-E19F-4036-BF7D-B86636D65CA2}.Debug|Any CPU.Build.0 = Debug|Any CPU
		{AB04F2E8-E19F-4036-BF7D-B86636D65CA2}.Debug|x64.ActiveCfg = Debug|Any CPU
		{AB04F2E8-E19F-4036-BF7D-B86636D65CA2}.Debug|x64.Build.0 = Debug|Any CPU
		{AB04F2E8-E19F-4036-BF7D-B86636D65CA2}.Debug|x86.ActiveCfg = Debug|Any CPU
		{AB04F2E8-E19F-4036-BF7D-B86636D65CA2}.Debug|x86.Build.0 = Debug|Any CPU
		{AB04F2E8-E19F-4036-BF7D-B86636D65CA2}.Release|Any CPU.ActiveCfg = Release|Any CPU
		{AB04F2E8-E19F-4036-BF7D-B86636D65CA2}.Release|Any CPU.Build.0 = Release|Any CPU
		{AB04F2E8-E19F-4036-BF7D-B86636D65CA2}.Release|x64.ActiveCfg = Release|Any CPU
		{AB04F2E8-E19F-4036-BF7D-B86636D65CA2}.Release|x64.Build.0 = Release|Any CPU
		{AB04F2E8-E19F-4036-BF7D-B86636D65CA2}.Release|x86.ActiveCfg = Release|Any CPU
		{AB04F2E8-E19F-4036-BF7D-B86636D65CA2}.Release|x86.Build.0 = Release|Any CPU
		{1E02BAB8-0FA9-4070-A822-39C72A39E2A5}.Debug|Any CPU.ActiveCfg = Debug|Any CPU
		{1E02BAB8-0FA9-4070-A822-39C72A39E2A5}.Debug|Any CPU.Build.0 = Debug|Any CPU
		{1E02BAB8-0FA9-4070-A822-39C72A39E2A5}.Debug|x64.ActiveCfg = Debug|Any CPU
		{1E02BAB8-0FA9-4070-A822-39C72A39E2A5}.Debug|x64.Build.0 = Debug|Any CPU
		{1E02BAB8-0FA9-4070-A822-39C72A39E2A5}.Debug|x86.ActiveCfg = Debug|Any CPU
		{1E02BAB8-0FA9-4070-A822-39C72A39E2A5}.Debug|x86.Build.0 = Debug|Any CPU
		{1E02BAB8-0FA9-4070-A822-39C72A39E2A5}.Release|Any CPU.ActiveCfg = Release|Any CPU
		{1E02BAB8-0FA9-4070-A822-39C72A39E2A5}.Release|Any CPU.Build.0 = Release|Any CPU
		{1E02BAB8-0FA9-4070-A822-39C72A39E2A5}.Release|x64.ActiveCfg = Release|Any CPU
		{1E02BAB8-0FA9-4070-A822-39C72A39E2A5}.Release|x64.Build.0 = Release|Any CPU
		{1E02BAB8-0FA9-4070-A822-39C72A39E2A5}.Release|x86.ActiveCfg = Release|Any CPU
		{1E02BAB8-0FA9-4070-A822-39C72A39E2A5}.Release|x86.Build.0 = Release|Any CPU
		{88B05575-3BD2-4FA9-95D1-A349DA623E1D}.Debug|Any CPU.ActiveCfg = Debug|Any CPU
		{88B05575-3BD2-4FA9-95D1-A349DA623E1D}.Debug|Any CPU.Build.0 = Debug|Any CPU
		{88B05575-3BD2-4FA9-95D1-A349DA623E1D}.Debug|x64.ActiveCfg = Debug|Any CPU
		{88B05575-3BD2-4FA9-95D1-A349DA623E1D}.Debug|x64.Build.0 = Debug|Any CPU
		{88B05575-3BD2-4FA9-95D1-A349DA623E1D}.Debug|x86.ActiveCfg = Debug|Any CPU
		{88B05575-3BD2-4FA9-95D1-A349DA623E1D}.Debug|x86.Build.0 = Debug|Any CPU
		{88B05575-3BD2-4FA9-95D1-A349DA623E1D}.Release|Any CPU.ActiveCfg = Release|Any CPU
		{88B05575-3BD2-4FA9-95D1-A349DA623E1D}.Release|Any CPU.Build.0 = Release|Any CPU
		{88B05575-3BD2-4FA9-95D1-A349DA623E1D}.Release|x64.ActiveCfg = Release|Any CPU
		{88B05575-3BD2-4FA9-95D1-A349DA623E1D}.Release|x64.Build.0 = Release|Any CPU
		{88B05575-3BD2-4FA9-95D1-A349DA623E1D}.Release|x86.ActiveCfg = Release|Any CPU
		{88B05575-3BD2-4FA9-95D1-A349DA623E1D}.Release|x86.Build.0 = Release|Any CPU
		{2B6AD201-6B29-4F55-B386-5EEA929A6F2E}.Debug|Any CPU.ActiveCfg = Debug|Any CPU
		{2B6AD201-6B29-4F55-B386-5EEA929A6F2E}.Debug|Any CPU.Build.0 = Debug|Any CPU
		{2B6AD201-6B29-4F55-B386-5EEA929A6F2E}.Debug|x64.ActiveCfg = Debug|Any CPU
		{2B6AD201-6B29-4F55-B386-5EEA929A6F2E}.Debug|x64.Build.0 = Debug|Any CPU
		{2B6AD201-6B29-4F55-B386-5EEA929A6F2E}.Debug|x86.ActiveCfg = Debug|Any CPU
		{2B6AD201-6B29-4F55-B386-5EEA929A6F2E}.Debug|x86.Build.0 = Debug|Any CPU
		{2B6AD201-6B29-4F55-B386-5EEA929A6F2E}.Release|Any CPU.ActiveCfg = Release|Any CPU
		{2B6AD201-6B29-4F55-B386-5EEA929A6F2E}.Release|Any CPU.Build.0 = Release|Any CPU
		{2B6AD201-6B29-4F55-B386-5EEA929A6F2E}.Release|x64.ActiveCfg = Release|Any CPU
		{2B6AD201-6B29-4F55-B386-5EEA929A6F2E}.Release|x64.Build.0 = Release|Any CPU
		{2B6AD201-6B29-4F55-B386-5EEA929A6F2E}.Release|x86.ActiveCfg = Release|Any CPU
		{2B6AD201-6B29-4F55-B386-5EEA929A6F2E}.Release|x86.Build.0 = Release|Any CPU
		{96AC1F4B-8C7C-425D-B26D-E6293165E838}.Debug|Any CPU.ActiveCfg = Debug|Any CPU
		{96AC1F4B-8C7C-425D-B26D-E6293165E838}.Debug|Any CPU.Build.0 = Debug|Any CPU
		{96AC1F4B-8C7C-425D-B26D-E6293165E838}.Debug|x64.ActiveCfg = Debug|Any CPU
		{96AC1F4B-8C7C-425D-B26D-E6293165E838}.Debug|x64.Build.0 = Debug|Any CPU
		{96AC1F4B-8C7C-425D-B26D-E6293165E838}.Debug|x86.ActiveCfg = Debug|Any CPU
		{96AC1F4B-8C7C-425D-B26D-E6293165E838}.Debug|x86.Build.0 = Debug|Any CPU
		{96AC1F4B-8C7C-425D-B26D-E6293165E838}.Release|Any CPU.ActiveCfg = Release|Any CPU
		{96AC1F4B-8C7C-425D-B26D-E6293165E838}.Release|Any CPU.Build.0 = Release|Any CPU
		{96AC1F4B-8C7C-425D-B26D-E6293165E838}.Release|x64.ActiveCfg = Release|Any CPU
		{96AC1F4B-8C7C-425D-B26D-E6293165E838}.Release|x64.Build.0 = Release|Any CPU
		{96AC1F4B-8C7C-425D-B26D-E6293165E838}.Release|x86.ActiveCfg = Release|Any CPU
		{96AC1F4B-8C7C-425D-B26D-E6293165E838}.Release|x86.Build.0 = Release|Any CPU
	EndGlobalSection
	GlobalSection(SolutionProperties) = preSolution
		HideSolutionNode = FALSE
	EndGlobalSection
	GlobalSection(NestedProjects) = preSolution
		{28B69A41-CA97-47FF-8FCC-22E6CE4DF109} = {5058F5ED-6D46-43F3-9DF6-AEAA687852E1}
		{AB04F2E8-E19F-4036-BF7D-B86636D65CA2} = {5058F5ED-6D46-43F3-9DF6-AEAA687852E1}
		{1E02BAB8-0FA9-4070-A822-39C72A39E2A5} = {5058F5ED-6D46-43F3-9DF6-AEAA687852E1}
		{88B05575-3BD2-4FA9-95D1-A349DA623E1D} = {5058F5ED-6D46-43F3-9DF6-AEAA687852E1}
		{2B6AD201-6B29-4F55-B386-5EEA929A6F2E} = {5058F5ED-6D46-43F3-9DF6-AEAA687852E1}
		{96AC1F4B-8C7C-425D-B26D-E6293165E838} = {5058F5ED-6D46-43F3-9DF6-AEAA687852E1}
	EndGlobalSection
	GlobalSection(ExtensibilityGlobals) = postSolution
		SolutionGuid = {37D71085-4A7E-4FAD-9CA0-9B68B70A5E24}
	EndGlobalSection
EndGlobal
