
Microsoft Visual Studio Solution File, Format Version 12.00
# Visual Studio Version 16
VisualStudioVersion = 16.0.30128.74
MinimumVisualStudioVersion = 15.0.26124.0
Project("{2150E333-8FDC-42A3-9474-1A3956D46DE8}") = "web", "web", "{45A4C00E-1CFF-4D42-8D3B-C274673213B7}"
EndProject
Project("{2150E333-8FDC-42A3-9474-1A3956D46DE8}") = "src", "src", "{B10DFC4A-E9FF-4C78-A404-3C7425DF4CBD}"
EndProject
Project("{9A19103F-16F7-4668-BE54-9A1E7A4F7556}") = "Shipyard.Web", "web\src\Shipyard.Web\Shipyard.Web.csproj", "{96F9D066-2205-40FF-A8B0-AF5E1FD620E1}"
EndProject
Project("{2150E333-8FDC-42A3-9474-1A3956D46DE8}") = "shared", "shared", "{45044750-D1D0-42FD-9C64-A3B487219F29}"
EndProject
Project("{2150E333-8FDC-42A3-9474-1A3956D46DE8}") = "src", "src", "{9C7B6D34-FD72-4D8A-A684-4A049954C5E9}"
EndProject
Project("{9A19103F-16F7-4668-BE54-9A1E7A4F7556}") = "Shipyard", "shared\src\Shipyard\Shipyard.csproj", "{72A7C643-9320-4D7F-B78C-E36E74C049D9}"
EndProject
Project("{9A19103F-16F7-4668-BE54-9A1E7A4F7556}") = "Shipyard.Data", "shared\src\Shipyard.Data\Shipyard.Data.csproj", "{2E10EFC5-809A-4EE6-B7D2-2040DB4AE97E}"
EndProject
Project("{9A19103F-16F7-4668-BE54-9A1E7A4F7556}") = "Shipyard.Contracts", "shared\src\Shipyard.Contracts\Shipyard.Contracts.csproj", "{F0E754D4-478C-4FAA-871B-E3A6DFCD1355}"
EndProject
Project("{2150E333-8FDC-42A3-9474-1A3956D46DE8}") = "app", "app", "{1D0196FD-ACC3-4455-BCEA-E1B35C86C581}"
EndProject
Project("{2150E333-8FDC-42A3-9474-1A3956D46DE8}") = "src", "src", "{B5751B0E-0E26-4E92-A560-783893764219}"
EndProject
Project("{9A19103F-16F7-4668-BE54-9A1E7A4F7556}") = "Shipyard.App", "app\src\Shipyard.App\Shipyard.App.csproj", "{899611AE-E011-41FB-A839-90E447942219}"
EndProject
Global
	GlobalSection(SolutionConfigurationPlatforms) = preSolution
		Debug|Any CPU = Debug|Any CPU
		Debug|x64 = Debug|x64
		Debug|x86 = Debug|x86
		Release|Any CPU = Release|Any CPU
		Release|x64 = Release|x64
		Release|x86 = Release|x86
	EndGlobalSection
	GlobalSection(ProjectConfigurationPlatforms) = postSolution
		{96F9D066-2205-40FF-A8B0-AF5E1FD620E1}.Debug|Any CPU.ActiveCfg = Debug|Any CPU
		{96F9D066-2205-40FF-A8B0-AF5E1FD620E1}.Debug|Any CPU.Build.0 = Debug|Any CPU
		{96F9D066-2205-40FF-A8B0-AF5E1FD620E1}.Debug|x64.ActiveCfg = Debug|Any CPU
		{96F9D066-2205-40FF-A8B0-AF5E1FD620E1}.Debug|x64.Build.0 = Debug|Any CPU
		{96F9D066-2205-40FF-A8B0-AF5E1FD620E1}.Debug|x86.ActiveCfg = Debug|Any CPU
		{96F9D066-2205-40FF-A8B0-AF5E1FD620E1}.Debug|x86.Build.0 = Debug|Any CPU
		{96F9D066-2205-40FF-A8B0-AF5E1FD620E1}.Release|Any CPU.ActiveCfg = Release|Any CPU
		{96F9D066-2205-40FF-A8B0-AF5E1FD620E1}.Release|Any CPU.Build.0 = Release|Any CPU
		{96F9D066-2205-40FF-A8B0-AF5E1FD620E1}.Release|x64.ActiveCfg = Release|Any CPU
		{96F9D066-2205-40FF-A8B0-AF5E1FD620E1}.Release|x64.Build.0 = Release|Any CPU
		{96F9D066-2205-40FF-A8B0-AF5E1FD620E1}.Release|x86.ActiveCfg = Release|Any CPU
		{96F9D066-2205-40FF-A8B0-AF5E1FD620E1}.Release|x86.Build.0 = Release|Any CPU
		{72A7C643-9320-4D7F-B78C-E36E74C049D9}.Debug|Any CPU.ActiveCfg = Debug|Any CPU
		{72A7C643-9320-4D7F-B78C-E36E74C049D9}.Debug|Any CPU.Build.0 = Debug|Any CPU
		{72A7C643-9320-4D7F-B78C-E36E74C049D9}.Debug|x64.ActiveCfg = Debug|Any CPU
		{72A7C643-9320-4D7F-B78C-E36E74C049D9}.Debug|x64.Build.0 = Debug|Any CPU
		{72A7C643-9320-4D7F-B78C-E36E74C049D9}.Debug|x86.ActiveCfg = Debug|Any CPU
		{72A7C643-9320-4D7F-B78C-E36E74C049D9}.Debug|x86.Build.0 = Debug|Any CPU
		{72A7C643-9320-4D7F-B78C-E36E74C049D9}.Release|Any CPU.ActiveCfg = Release|Any CPU
		{72A7C643-9320-4D7F-B78C-E36E74C049D9}.Release|Any CPU.Build.0 = Release|Any CPU
		{72A7C643-9320-4D7F-B78C-E36E74C049D9}.Release|x64.ActiveCfg = Release|Any CPU
		{72A7C643-9320-4D7F-B78C-E36E74C049D9}.Release|x64.Build.0 = Release|Any CPU
		{72A7C643-9320-4D7F-B78C-E36E74C049D9}.Release|x86.ActiveCfg = Release|Any CPU
		{72A7C643-9320-4D7F-B78C-E36E74C049D9}.Release|x86.Build.0 = Release|Any CPU
		{2E10EFC5-809A-4EE6-B7D2-2040DB4AE97E}.Debug|Any CPU.ActiveCfg = Debug|Any CPU
		{2E10EFC5-809A-4EE6-B7D2-2040DB4AE97E}.Debug|Any CPU.Build.0 = Debug|Any CPU
		{2E10EFC5-809A-4EE6-B7D2-2040DB4AE97E}.Debug|x64.ActiveCfg = Debug|Any CPU
		{2E10EFC5-809A-4EE6-B7D2-2040DB4AE97E}.Debug|x64.Build.0 = Debug|Any CPU
		{2E10EFC5-809A-4EE6-B7D2-2040DB4AE97E}.Debug|x86.ActiveCfg = Debug|Any CPU
		{2E10EFC5-809A-4EE6-B7D2-2040DB4AE97E}.Debug|x86.Build.0 = Debug|Any CPU
		{2E10EFC5-809A-4EE6-B7D2-2040DB4AE97E}.Release|Any CPU.ActiveCfg = Release|Any CPU
		{2E10EFC5-809A-4EE6-B7D2-2040DB4AE97E}.Release|Any CPU.Build.0 = Release|Any CPU
		{2E10EFC5-809A-4EE6-B7D2-2040DB4AE97E}.Release|x64.ActiveCfg = Release|Any CPU
		{2E10EFC5-809A-4EE6-B7D2-2040DB4AE97E}.Release|x64.Build.0 = Release|Any CPU
		{2E10EFC5-809A-4EE6-B7D2-2040DB4AE97E}.Release|x86.ActiveCfg = Release|Any CPU
		{2E10EFC5-809A-4EE6-B7D2-2040DB4AE97E}.Release|x86.Build.0 = Release|Any CPU
		{F0E754D4-478C-4FAA-871B-E3A6DFCD1355}.Debug|Any CPU.ActiveCfg = Debug|Any CPU
		{F0E754D4-478C-4FAA-871B-E3A6DFCD1355}.Debug|Any CPU.Build.0 = Debug|Any CPU
		{F0E754D4-478C-4FAA-871B-E3A6DFCD1355}.Debug|x64.ActiveCfg = Debug|Any CPU
		{F0E754D4-478C-4FAA-871B-E3A6DFCD1355}.Debug|x64.Build.0 = Debug|Any CPU
		{F0E754D4-478C-4FAA-871B-E3A6DFCD1355}.Debug|x86.ActiveCfg = Debug|Any CPU
		{F0E754D4-478C-4FAA-871B-E3A6DFCD1355}.Debug|x86.Build.0 = Debug|Any CPU
		{F0E754D4-478C-4FAA-871B-E3A6DFCD1355}.Release|Any CPU.ActiveCfg = Release|Any CPU
		{F0E754D4-478C-4FAA-871B-E3A6DFCD1355}.Release|Any CPU.Build.0 = Release|Any CPU
		{F0E754D4-478C-4FAA-871B-E3A6DFCD1355}.Release|x64.ActiveCfg = Release|Any CPU
		{F0E754D4-478C-4FAA-871B-E3A6DFCD1355}.Release|x64.Build.0 = Release|Any CPU
		{F0E754D4-478C-4FAA-871B-E3A6DFCD1355}.Release|x86.ActiveCfg = Release|Any CPU
		{F0E754D4-478C-4FAA-871B-E3A6DFCD1355}.Release|x86.Build.0 = Release|Any CPU
		{899611AE-E011-41FB-A839-90E447942219}.Debug|Any CPU.ActiveCfg = Debug|Any CPU
		{899611AE-E011-41FB-A839-90E447942219}.Debug|Any CPU.Build.0 = Debug|Any CPU
		{899611AE-E011-41FB-A839-90E447942219}.Debug|x64.ActiveCfg = Debug|Any CPU
		{899611AE-E011-41FB-A839-90E447942219}.Debug|x64.Build.0 = Debug|Any CPU
		{899611AE-E011-41FB-A839-90E447942219}.Debug|x86.ActiveCfg = Debug|Any CPU
		{899611AE-E011-41FB-A839-90E447942219}.Debug|x86.Build.0 = Debug|Any CPU
		{899611AE-E011-41FB-A839-90E447942219}.Release|Any CPU.ActiveCfg = Release|Any CPU
		{899611AE-E011-41FB-A839-90E447942219}.Release|Any CPU.Build.0 = Release|Any CPU
		{899611AE-E011-41FB-A839-90E447942219}.Release|x64.ActiveCfg = Release|Any CPU
		{899611AE-E011-41FB-A839-90E447942219}.Release|x64.Build.0 = Release|Any CPU
		{899611AE-E011-41FB-A839-90E447942219}.Release|x86.ActiveCfg = Release|Any CPU
		{899611AE-E011-41FB-A839-90E447942219}.Release|x86.Build.0 = Release|Any CPU
	EndGlobalSection
	GlobalSection(SolutionProperties) = preSolution
		HideSolutionNode = FALSE
	EndGlobalSection
	GlobalSection(NestedProjects) = preSolution
		{B10DFC4A-E9FF-4C78-A404-3C7425DF4CBD} = {45A4C00E-1CFF-4D42-8D3B-C274673213B7}
		{96F9D066-2205-40FF-A8B0-AF5E1FD620E1} = {B10DFC4A-E9FF-4C78-A404-3C7425DF4CBD}
		{9C7B6D34-FD72-4D8A-A684-4A049954C5E9} = {45044750-D1D0-42FD-9C64-A3B487219F29}
		{72A7C643-9320-4D7F-B78C-E36E74C049D9} = {9C7B6D34-FD72-4D8A-A684-4A049954C5E9}
		{2E10EFC5-809A-4EE6-B7D2-2040DB4AE97E} = {9C7B6D34-FD72-4D8A-A684-4A049954C5E9}
		{F0E754D4-478C-4FAA-871B-E3A6DFCD1355} = {9C7B6D34-FD72-4D8A-A684-4A049954C5E9}
		{B5751B0E-0E26-4E92-A560-783893764219} = {1D0196FD-ACC3-4455-BCEA-E1B35C86C581}
		{899611AE-E011-41FB-A839-90E447942219} = {B5751B0E-0E26-4E92-A560-783893764219}
	EndGlobalSection
	GlobalSection(ExtensibilityGlobals) = postSolution
		SolutionGuid = {26E82781-9C25-448B-8706-B9D14C8E8CBC}
	EndGlobalSection
EndGlobal
