
Microsoft Visual Studio Solution File, Format Version 12.00
# Visual Studio Version 16
VisualStudioVersion = 16.0.30128.74
MinimumVisualStudioVersion = 15.0.26124.0
Project("{2150E333-8FDC-42A3-9474-1A3956D46DE8}") = "src", "src", "{6DE4E746-AA40-43E1-BE87-8444B39B44E6}"
	ProjectSection(SolutionItems) = preProject
		src\Directory.Build.Props = src\Directory.Build.Props
	EndProjectSection
EndProject
Project("{9A19103F-16F7-4668-BE54-9A1E7A4F7556}") = "PortAuthority", "src\PortAuthority\PortAuthority.csproj", "{4EDDAE4F-44CE-494C-A4BD-E529B4850911}"
EndProject
Project("{9A19103F-16F7-4668-BE54-9A1E7A4F7556}") = "PortAuthority.Contracts", "src\PortAuthority.Contracts\PortAuthority.Contracts.csproj", "{7CC15C68-3F4E-4C3E-BE11-15490EED6D63}"
EndProject
Project("{9A19103F-16F7-4668-BE54-9A1E7A4F7556}") = "PortAuthority.Data", "src\PortAuthority.Data\PortAuthority.Data.csproj", "{1E9D27E5-E540-48FB-9C67-CC5F10F07322}"
EndProject
Project("{9A19103F-16F7-4668-BE54-9A1E7A4F7556}") = "PortAuthority.Data.Migration", "src\PortAuthority.Data.Migration\PortAuthority.Data.Migration.csproj", "{6043B0C4-2B29-49A4-9377-EB09C4EDC91F}"
EndProject
Project("{9A19103F-16F7-4668-BE54-9A1E7A4F7556}") = "PortAuthority.Web", "src\PortAuthority.Web\PortAuthority.Web.csproj", "{226EE868-BD02-41CB-81D5-F94A833802F5}"
EndProject
Project("{9A19103F-16F7-4668-BE54-9A1E7A4F7556}") = "PortAuthority.Worker", "src\PortAuthority.Worker\PortAuthority.Worker.csproj", "{E3FF1A66-1BB2-4492-9A3C-83F5415DD493}"
EndProject
Project("{2150E333-8FDC-42A3-9474-1A3956D46DE8}") = "test", "test", "{6BA1A46B-0E3C-4598-8E7A-69571ED4A1B3}"
EndProject
Project("{9A19103F-16F7-4668-BE54-9A1E7A4F7556}") = "PortAuthority.Test", "test\PortAuthority.Test\PortAuthority.Test.csproj", "{D3CD9B87-3B6C-4835-8CDE-FFBE573E8959}"
EndProject
Project("{2150E333-8FDC-42A3-9474-1A3956D46DE8}") = "Solution Items", "Solution Items", "{5E49F281-92FA-49F4-A3BE-1DEEACECE24B}"
	ProjectSection(SolutionItems) = preProject
		..\..\.env = ..\..\.env
		..\..\docker-compose.local.yml = ..\..\docker-compose.local.yml
		..\..\docker-compose.yml = ..\..\docker-compose.yml
		README.md = README.md
		Taskfile.yml = Taskfile.yml
	EndProjectSection
EndProject
Project("{D954291E-2A0B-460D-934E-DC6B0785DB48}") = "PortAuthority.k6", "test\PortAuthority.k6\PortAuthority.k6.shproj", "{785C3A9E-577D-4287-8785-FBEFE527B570}"
EndProject
Global
	GlobalSection(SharedMSBuildProjectFiles) = preSolution
		test\PortAuthority.k6\PortAuthority.k6.projitems*{785c3a9e-577d-4287-8785-fbefe527b570}*SharedItemsImports = 13
	EndGlobalSection
	GlobalSection(SolutionConfigurationPlatforms) = preSolution
		Debug|Any CPU = Debug|Any CPU
		Debug|x64 = Debug|x64
		Debug|x86 = Debug|x86
		Release|Any CPU = Release|Any CPU
		Release|x64 = Release|x64
		Release|x86 = Release|x86
	EndGlobalSection
	GlobalSection(ProjectConfigurationPlatforms) = postSolution
		{4EDDAE4F-44CE-494C-A4BD-E529B4850911}.Debug|Any CPU.ActiveCfg = Debug|Any CPU
		{4EDDAE4F-44CE-494C-A4BD-E529B4850911}.Debug|Any CPU.Build.0 = Debug|Any CPU
		{4EDDAE4F-44CE-494C-A4BD-E529B4850911}.Debug|x64.ActiveCfg = Debug|Any CPU
		{4EDDAE4F-44CE-494C-A4BD-E529B4850911}.Debug|x64.Build.0 = Debug|Any CPU
		{4EDDAE4F-44CE-494C-A4BD-E529B4850911}.Debug|x86.ActiveCfg = Debug|Any CPU
		{4EDDAE4F-44CE-494C-A4BD-E529B4850911}.Debug|x86.Build.0 = Debug|Any CPU
		{4EDDAE4F-44CE-494C-A4BD-E529B4850911}.Release|Any CPU.ActiveCfg = Release|Any CPU
		{4EDDAE4F-44CE-494C-A4BD-E529B4850911}.Release|Any CPU.Build.0 = Release|Any CPU
		{4EDDAE4F-44CE-494C-A4BD-E529B4850911}.Release|x64.ActiveCfg = Release|Any CPU
		{4EDDAE4F-44CE-494C-A4BD-E529B4850911}.Release|x64.Build.0 = Release|Any CPU
		{4EDDAE4F-44CE-494C-A4BD-E529B4850911}.Release|x86.ActiveCfg = Release|Any CPU
		{4EDDAE4F-44CE-494C-A4BD-E529B4850911}.Release|x86.Build.0 = Release|Any CPU
		{7CC15C68-3F4E-4C3E-BE11-15490EED6D63}.Debug|Any CPU.ActiveCfg = Debug|Any CPU
		{7CC15C68-3F4E-4C3E-BE11-15490EED6D63}.Debug|Any CPU.Build.0 = Debug|Any CPU
		{7CC15C68-3F4E-4C3E-BE11-15490EED6D63}.Debug|x64.ActiveCfg = Debug|Any CPU
		{7CC15C68-3F4E-4C3E-BE11-15490EED6D63}.Debug|x64.Build.0 = Debug|Any CPU
		{7CC15C68-3F4E-4C3E-BE11-15490EED6D63}.Debug|x86.ActiveCfg = Debug|Any CPU
		{7CC15C68-3F4E-4C3E-BE11-15490EED6D63}.Debug|x86.Build.0 = Debug|Any CPU
		{7CC15C68-3F4E-4C3E-BE11-15490EED6D63}.Release|Any CPU.ActiveCfg = Release|Any CPU
		{7CC15C68-3F4E-4C3E-BE11-15490EED6D63}.Release|Any CPU.Build.0 = Release|Any CPU
		{7CC15C68-3F4E-4C3E-BE11-15490EED6D63}.Release|x64.ActiveCfg = Release|Any CPU
		{7CC15C68-3F4E-4C3E-BE11-15490EED6D63}.Release|x64.Build.0 = Release|Any CPU
		{7CC15C68-3F4E-4C3E-BE11-15490EED6D63}.Release|x86.ActiveCfg = Release|Any CPU
		{7CC15C68-3F4E-4C3E-BE11-15490EED6D63}.Release|x86.Build.0 = Release|Any CPU
		{1E9D27E5-E540-48FB-9C67-CC5F10F07322}.Debug|Any CPU.ActiveCfg = Debug|Any CPU
		{1E9D27E5-E540-48FB-9C67-CC5F10F07322}.Debug|Any CPU.Build.0 = Debug|Any CPU
		{1E9D27E5-E540-48FB-9C67-CC5F10F07322}.Debug|x64.ActiveCfg = Debug|Any CPU
		{1E9D27E5-E540-48FB-9C67-CC5F10F07322}.Debug|x64.Build.0 = Debug|Any CPU
		{1E9D27E5-E540-48FB-9C67-CC5F10F07322}.Debug|x86.ActiveCfg = Debug|Any CPU
		{1E9D27E5-E540-48FB-9C67-CC5F10F07322}.Debug|x86.Build.0 = Debug|Any CPU
		{1E9D27E5-E540-48FB-9C67-CC5F10F07322}.Release|Any CPU.ActiveCfg = Release|Any CPU
		{1E9D27E5-E540-48FB-9C67-CC5F10F07322}.Release|Any CPU.Build.0 = Release|Any CPU
		{1E9D27E5-E540-48FB-9C67-CC5F10F07322}.Release|x64.ActiveCfg = Release|Any CPU
		{1E9D27E5-E540-48FB-9C67-CC5F10F07322}.Release|x64.Build.0 = Release|Any CPU
		{1E9D27E5-E540-48FB-9C67-CC5F10F07322}.Release|x86.ActiveCfg = Release|Any CPU
		{1E9D27E5-E540-48FB-9C67-CC5F10F07322}.Release|x86.Build.0 = Release|Any CPU
		{6043B0C4-2B29-49A4-9377-EB09C4EDC91F}.Debug|Any CPU.ActiveCfg = Debug|Any CPU
		{6043B0C4-2B29-49A4-9377-EB09C4EDC91F}.Debug|Any CPU.Build.0 = Debug|Any CPU
		{6043B0C4-2B29-49A4-9377-EB09C4EDC91F}.Debug|x64.ActiveCfg = Debug|Any CPU
		{6043B0C4-2B29-49A4-9377-EB09C4EDC91F}.Debug|x64.Build.0 = Debug|Any CPU
		{6043B0C4-2B29-49A4-9377-EB09C4EDC91F}.Debug|x86.ActiveCfg = Debug|Any CPU
		{6043B0C4-2B29-49A4-9377-EB09C4EDC91F}.Debug|x86.Build.0 = Debug|Any CPU
		{6043B0C4-2B29-49A4-9377-EB09C4EDC91F}.Release|Any CPU.ActiveCfg = Release|Any CPU
		{6043B0C4-2B29-49A4-9377-EB09C4EDC91F}.Release|Any CPU.Build.0 = Release|Any CPU
		{6043B0C4-2B29-49A4-9377-EB09C4EDC91F}.Release|x64.ActiveCfg = Release|Any CPU
		{6043B0C4-2B29-49A4-9377-EB09C4EDC91F}.Release|x64.Build.0 = Release|Any CPU
		{6043B0C4-2B29-49A4-9377-EB09C4EDC91F}.Release|x86.ActiveCfg = Release|Any CPU
		{6043B0C4-2B29-49A4-9377-EB09C4EDC91F}.Release|x86.Build.0 = Release|Any CPU
		{226EE868-BD02-41CB-81D5-F94A833802F5}.Debug|Any CPU.ActiveCfg = Debug|Any CPU
		{226EE868-BD02-41CB-81D5-F94A833802F5}.Debug|Any CPU.Build.0 = Debug|Any CPU
		{226EE868-BD02-41CB-81D5-F94A833802F5}.Debug|x64.ActiveCfg = Debug|Any CPU
		{226EE868-BD02-41CB-81D5-F94A833802F5}.Debug|x64.Build.0 = Debug|Any CPU
		{226EE868-BD02-41CB-81D5-F94A833802F5}.Debug|x86.ActiveCfg = Debug|Any CPU
		{226EE868-BD02-41CB-81D5-F94A833802F5}.Debug|x86.Build.0 = Debug|Any CPU
		{226EE868-BD02-41CB-81D5-F94A833802F5}.Release|Any CPU.ActiveCfg = Release|Any CPU
		{226EE868-BD02-41CB-81D5-F94A833802F5}.Release|Any CPU.Build.0 = Release|Any CPU
		{226EE868-BD02-41CB-81D5-F94A833802F5}.Release|x64.ActiveCfg = Release|Any CPU
		{226EE868-BD02-41CB-81D5-F94A833802F5}.Release|x64.Build.0 = Release|Any CPU
		{226EE868-BD02-41CB-81D5-F94A833802F5}.Release|x86.ActiveCfg = Release|Any CPU
		{226EE868-BD02-41CB-81D5-F94A833802F5}.Release|x86.Build.0 = Release|Any CPU
		{E3FF1A66-1BB2-4492-9A3C-83F5415DD493}.Debug|Any CPU.ActiveCfg = Debug|Any CPU
		{E3FF1A66-1BB2-4492-9A3C-83F5415DD493}.Debug|Any CPU.Build.0 = Debug|Any CPU
		{E3FF1A66-1BB2-4492-9A3C-83F5415DD493}.Debug|x64.ActiveCfg = Debug|Any CPU
		{E3FF1A66-1BB2-4492-9A3C-83F5415DD493}.Debug|x64.Build.0 = Debug|Any CPU
		{E3FF1A66-1BB2-4492-9A3C-83F5415DD493}.Debug|x86.ActiveCfg = Debug|Any CPU
		{E3FF1A66-1BB2-4492-9A3C-83F5415DD493}.Debug|x86.Build.0 = Debug|Any CPU
		{E3FF1A66-1BB2-4492-9A3C-83F5415DD493}.Release|Any CPU.ActiveCfg = Release|Any CPU
		{E3FF1A66-1BB2-4492-9A3C-83F5415DD493}.Release|Any CPU.Build.0 = Release|Any CPU
		{E3FF1A66-1BB2-4492-9A3C-83F5415DD493}.Release|x64.ActiveCfg = Release|Any CPU
		{E3FF1A66-1BB2-4492-9A3C-83F5415DD493}.Release|x64.Build.0 = Release|Any CPU
		{E3FF1A66-1BB2-4492-9A3C-83F5415DD493}.Release|x86.ActiveCfg = Release|Any CPU
		{E3FF1A66-1BB2-4492-9A3C-83F5415DD493}.Release|x86.Build.0 = Release|Any CPU
		{D3CD9B87-3B6C-4835-8CDE-FFBE573E8959}.Debug|Any CPU.ActiveCfg = Debug|Any CPU
		{D3CD9B87-3B6C-4835-8CDE-FFBE573E8959}.Debug|Any CPU.Build.0 = Debug|Any CPU
		{D3CD9B87-3B6C-4835-8CDE-FFBE573E8959}.Debug|x64.ActiveCfg = Debug|Any CPU
		{D3CD9B87-3B6C-4835-8CDE-FFBE573E8959}.Debug|x64.Build.0 = Debug|Any CPU
		{D3CD9B87-3B6C-4835-8CDE-FFBE573E8959}.Debug|x86.ActiveCfg = Debug|Any CPU
		{D3CD9B87-3B6C-4835-8CDE-FFBE573E8959}.Debug|x86.Build.0 = Debug|Any CPU
		{D3CD9B87-3B6C-4835-8CDE-FFBE573E8959}.Release|Any CPU.ActiveCfg = Release|Any CPU
		{D3CD9B87-3B6C-4835-8CDE-FFBE573E8959}.Release|Any CPU.Build.0 = Release|Any CPU
		{D3CD9B87-3B6C-4835-8CDE-FFBE573E8959}.Release|x64.ActiveCfg = Release|Any CPU
		{D3CD9B87-3B6C-4835-8CDE-FFBE573E8959}.Release|x64.Build.0 = Release|Any CPU
		{D3CD9B87-3B6C-4835-8CDE-FFBE573E8959}.Release|x86.ActiveCfg = Release|Any CPU
		{D3CD9B87-3B6C-4835-8CDE-FFBE573E8959}.Release|x86.Build.0 = Release|Any CPU
	EndGlobalSection
	GlobalSection(SolutionProperties) = preSolution
		HideSolutionNode = FALSE
	EndGlobalSection
	GlobalSection(NestedProjects) = preSolution
		{4EDDAE4F-44CE-494C-A4BD-E529B4850911} = {6DE4E746-AA40-43E1-BE87-8444B39B44E6}
		{7CC15C68-3F4E-4C3E-BE11-15490EED6D63} = {6DE4E746-AA40-43E1-BE87-8444B39B44E6}
		{1E9D27E5-E540-48FB-9C67-CC5F10F07322} = {6DE4E746-AA40-43E1-BE87-8444B39B44E6}
		{6043B0C4-2B29-49A4-9377-EB09C4EDC91F} = {6DE4E746-AA40-43E1-BE87-8444B39B44E6}
		{226EE868-BD02-41CB-81D5-F94A833802F5} = {6DE4E746-AA40-43E1-BE87-8444B39B44E6}
		{E3FF1A66-1BB2-4492-9A3C-83F5415DD493} = {6DE4E746-AA40-43E1-BE87-8444B39B44E6}
		{D3CD9B87-3B6C-4835-8CDE-FFBE573E8959} = {6BA1A46B-0E3C-4598-8E7A-69571ED4A1B3}
		{785C3A9E-577D-4287-8785-FBEFE527B570} = {6BA1A46B-0E3C-4598-8E7A-69571ED4A1B3}
	EndGlobalSection
	GlobalSection(ExtensibilityGlobals) = postSolution
		SolutionGuid = {2A2456CB-8063-45B9-AF4F-151BC38210EC}
	EndGlobalSection
EndGlobal
